
Microsoft Visual Studio Solution File, Format Version 12.00
# Visual Studio Version 17
VisualStudioVersion = 17.14.36616.10 d17.14
MinimumVisualStudioVersion = 10.0.40219.1
Project("{FAE04EC0-301F-11D3-BF4B-00C04F79EFBC}") = "RouboDeJoias_VirtualEOverride", "RouboDeJoias_VirtualEOverride\RouboDeJoias_VirtualEOverride.csproj", "{25A68362-F8E0-44AA-8E6E-7352C727D2E0}"
EndProject
Global
	GlobalSection(SolutionConfigurationPlatforms) = preSolution
		Debug|Any CPU = Debug|Any CPU
		Release|Any CPU = Release|Any CPU
	EndGlobalSection
	GlobalSection(ProjectConfigurationPlatforms) = postSolution
		{25A68362-F8E0-44AA-8E6E-7352C727D2E0}.Debug|Any CPU.ActiveCfg = Debug|Any CPU
		{25A68362-F8E0-44AA-8E6E-7352C727D2E0}.Debug|Any CPU.Build.0 = Debug|Any CPU
		{25A68362-F8E0-44AA-8E6E-7352C727D2E0}.Release|Any CPU.ActiveCfg = Release|Any CPU
		{25A68362-F8E0-44AA-8E6E-7352C727D2E0}.Release|Any CPU.Build.0 = Release|Any CPU
	EndGlobalSection
	GlobalSection(SolutionProperties) = preSolution
		HideSolutionNode = FALSE
	EndGlobalSection
	GlobalSection(ExtensibilityGlobals) = postSolution
		SolutionGuid = {235683C0-415F-4532-8C15-70553C46C729}
	EndGlobalSection
EndGlobal
