
Microsoft Visual Studio Solution File, Format Version 12.00
# Visual Studio Version 17
VisualStudioVersion = 17.14.36518.9 d17.14
MinimumVisualStudioVersion = 10.0.40219.1
Project("{FAE04EC0-301F-11D3-BF4B-00C04F79EFBC}") = "HiLo_Encapsulamento", "HiLo_Encapsulamento\HiLo_Encapsulamento.csproj", "{0C95DFE9-F976-4627-99BD-A19BAF9F7C8F}"
EndProject
Global
	GlobalSection(SolutionConfigurationPlatforms) = preSolution
		Debug|Any CPU = Debug|Any CPU
		Release|Any CPU = Release|Any CPU
	EndGlobalSection
	GlobalSection(ProjectConfigurationPlatforms) = postSolution
		{0C95DFE9-F976-4627-99BD-A19BAF9F7C8F}.Debug|Any CPU.ActiveCfg = Debug|Any CPU
		{0C95DFE9-F976-4627-99BD-A19BAF9F7C8F}.Debug|Any CPU.Build.0 = Debug|Any CPU
		{0C95DFE9-F976-4627-99BD-A19BAF9F7C8F}.Release|Any CPU.ActiveCfg = Release|Any CPU
		{0C95DFE9-F976-4627-99BD-A19BAF9F7C8F}.Release|Any CPU.Build.0 = Release|Any CPU
	EndGlobalSection
	GlobalSection(SolutionProperties) = preSolution
		HideSolutionNode = FALSE
	EndGlobalSection
	GlobalSection(ExtensibilityGlobals) = postSolution
		SolutionGuid = {A538B115-F2FF-421D-8F74-DDF32D6C9E41}
	EndGlobalSection
EndGlobal
