
Microsoft Visual Studio Solution File, Format Version 12.00
# Visual Studio Version 17
VisualStudioVersion = 17.14.36518.9 d17.14
MinimumVisualStudioVersion = 10.0.40219.1
Project("{FAE04EC0-301F-11D3-BF4B-00C04F79EFBC}") = "JogoRPG", "JogoRPG\JogoRPG.csproj", "{F4BC9281-715F-4213-8D25-8E006A6687FE}"
EndProject
Global
	GlobalSection(SolutionConfigurationPlatforms) = preSolution
		Debug|Any CPU = Debug|Any CPU
		Release|Any CPU = Release|Any CPU
	EndGlobalSection
	GlobalSection(ProjectConfigurationPlatforms) = postSolution
		{F4BC9281-715F-4213-8D25-8E006A6687FE}.Debug|Any CPU.ActiveCfg = Debug|Any CPU
		{F4BC9281-715F-4213-8D25-8E006A6687FE}.Debug|Any CPU.Build.0 = Debug|Any CPU
		{F4BC9281-715F-4213-8D25-8E006A6687FE}.Release|Any CPU.ActiveCfg = Release|Any CPU
		{F4BC9281-715F-4213-8D25-8E006A6687FE}.Release|Any CPU.Build.0 = Release|Any CPU
	EndGlobalSection
	GlobalSection(SolutionProperties) = preSolution
		HideSolutionNode = FALSE
	EndGlobalSection
	GlobalSection(ExtensibilityGlobals) = postSolution
		SolutionGuid = {D6878EBE-1A2A-45B7-9D28-AA380F5BEF13}
	EndGlobalSection
EndGlobal
