
Microsoft Visual Studio Solution File, Format Version 12.00
# Visual Studio Version 17
VisualStudioVersion = 17.14.36616.10 d17.14
MinimumVisualStudioVersion = 10.0.40219.1
Project("{FAE04EC0-301F-11D3-BF4B-00C04F79EFBC}") = "MaquinasAutomaticas_Heranca", "MaquinasAutomaticas_Heranca\MaquinasAutomaticas_Heranca.csproj", "{89D86530-05B1-4A0E-9AD8-1157BA6D0455}"
EndProject
Global
	GlobalSection(SolutionConfigurationPlatforms) = preSolution
		Debug|Any CPU = Debug|Any CPU
		Release|Any CPU = Release|Any CPU
	EndGlobalSection
	GlobalSection(ProjectConfigurationPlatforms) = postSolution
		{89D86530-05B1-4A0E-9AD8-1157BA6D0455}.Debug|Any CPU.ActiveCfg = Debug|Any CPU
		{89D86530-05B1-4A0E-9AD8-1157BA6D0455}.Debug|Any CPU.Build.0 = Debug|Any CPU
		{89D86530-05B1-4A0E-9AD8-1157BA6D0455}.Release|Any CPU.ActiveCfg = Release|Any CPU
		{89D86530-05B1-4A0E-9AD8-1157BA6D0455}.Release|Any CPU.Build.0 = Release|Any CPU
	EndGlobalSection
	GlobalSection(SolutionProperties) = preSolution
		HideSolutionNode = FALSE
	EndGlobalSection
	GlobalSection(ExtensibilityGlobals) = postSolution
		SolutionGuid = {704A9AAC-FA7A-46B4-B452-9EBD49882F8D}
	EndGlobalSection
EndGlobal
