
Microsoft Visual Studio Solution File, Format Version 12.00
# Visual Studio Version 17
VisualStudioVersion = 17.14.36518.9 d17.14
MinimumVisualStudioVersion = 10.0.40219.1
Project("{FAE04EC0-301F-11D3-BF4B-00C04F79EFBC}") = "DepurandoUmConstrutor", "DepurandoUmConstrutor\DepurandoUmConstrutor.csproj", "{1DAE9E6C-83C3-4EA9-A832-E2193D7F24A3}"
EndProject
Global
	GlobalSection(SolutionConfigurationPlatforms) = preSolution
		Debug|Any CPU = Debug|Any CPU
		Release|Any CPU = Release|Any CPU
	EndGlobalSection
	GlobalSection(ProjectConfigurationPlatforms) = postSolution
		{1DAE9E6C-83C3-4EA9-A832-E2193D7F24A3}.Debug|Any CPU.ActiveCfg = Debug|Any CPU
		{1DAE9E6C-83C3-4EA9-A832-E2193D7F24A3}.Debug|Any CPU.Build.0 = Debug|Any CPU
		{1DAE9E6C-83C3-4EA9-A832-E2193D7F24A3}.Release|Any CPU.ActiveCfg = Release|Any CPU
		{1DAE9E6C-83C3-4EA9-A832-E2193D7F24A3}.Release|Any CPU.Build.0 = Release|Any CPU
	EndGlobalSection
	GlobalSection(SolutionProperties) = preSolution
		HideSolutionNode = FALSE
	EndGlobalSection
	GlobalSection(ExtensibilityGlobals) = postSolution
		SolutionGuid = {53416FF5-0A95-4C4F-ABAF-8DD43D79543C}
	EndGlobalSection
EndGlobal
