
Microsoft Visual Studio Solution File, Format Version 12.00
# Visual Studio Version 17
VisualStudioVersion = 17.14.36518.9 d17.14
MinimumVisualStudioVersion = 10.0.40219.1
Project("{FAE04EC0-301F-11D3-BF4B-00C04F79EFBC}") = "Referencias", "Referencias\Referencias.csproj", "{253E2560-38BB-4C25-B798-B0DBB070C05C}"
EndProject
Global
	GlobalSection(SolutionConfigurationPlatforms) = preSolution
		Debug|Any CPU = Debug|Any CPU
		Release|Any CPU = Release|Any CPU
	EndGlobalSection
	GlobalSection(ProjectConfigurationPlatforms) = postSolution
		{253E2560-38BB-4C25-B798-B0DBB070C05C}.Debug|Any CPU.ActiveCfg = Debug|Any CPU
		{253E2560-38BB-4C25-B798-B0DBB070C05C}.Debug|Any CPU.Build.0 = Debug|Any CPU
		{253E2560-38BB-4C25-B798-B0DBB070C05C}.Release|Any CPU.ActiveCfg = Release|Any CPU
		{253E2560-38BB-4C25-B798-B0DBB070C05C}.Release|Any CPU.Build.0 = Release|Any CPU
	EndGlobalSection
	GlobalSection(SolutionProperties) = preSolution
		HideSolutionNode = FALSE
	EndGlobalSection
	GlobalSection(ExtensibilityGlobals) = postSolution
		SolutionGuid = {C408095F-273F-4925-9B89-DEF6ECFC4D9A}
	EndGlobalSection
EndGlobal
